
Microsoft Visual Studio Solution File, Format Version 12.00
# Visual Studio Version 16
VisualStudioVersion = 16.0.34601.136
MinimumVisualStudioVersion = 10.0.40219.1
Project("{FAE04EC0-301F-11D3-BF4B-00C04F79EFBC}") = "OOPLAB6.3", "OOPLAB6.3\OOPLAB6.3.csproj", "{FD1E9794-6EA1-417F-999D-75039A725C5F}"
EndProject
Global
	GlobalSection(SolutionConfigurationPlatforms) = preSolution
		Debug|Any CPU = Debug|Any CPU
		Release|Any CPU = Release|Any CPU
	EndGlobalSection
	GlobalSection(ProjectConfigurationPlatforms) = postSolution
		{FD1E9794-6EA1-417F-999D-75039A725C5F}.Debug|Any CPU.ActiveCfg = Debug|Any CPU
		{FD1E9794-6EA1-417F-999D-75039A725C5F}.Debug|Any CPU.Build.0 = Debug|Any CPU
		{FD1E9794-6EA1-417F-999D-75039A725C5F}.Release|Any CPU.ActiveCfg = Release|Any CPU
		{FD1E9794-6EA1-417F-999D-75039A725C5F}.Release|Any CPU.Build.0 = Release|Any CPU
	EndGlobalSection
	GlobalSection(SolutionProperties) = preSolution
		HideSolutionNode = FALSE
	EndGlobalSection
	GlobalSection(ExtensibilityGlobals) = postSolution
		SolutionGuid = {F3C37828-FE3F-4295-BA81-8E7B3324BB49}
	EndGlobalSection
EndGlobal
